dependencies:
  chmorgan/esp-libhelix-mp3:
    component_hash: cbb76089dc2c5749f7b470e2e70aedc44c9da519e04eb9a67d4c7ec275229e53
    dependencies:
    - name: idf
      require: private
      version: '>=4.1.0'
    source:
      registry_url: https://components.espressif.com
      type: service
    version: 1.0.3
  espressif/arduino-esp32:
    component_hash: 911d25d4c8147544f5f37a1bfab2ceffe30e6260fbec824d63b591a7fad09ac3
    dependencies:
    - name: chmorgan/esp-libhelix-mp3
      registry_url: https://components.espressif.com
      require: private
      version: 1.0.3
    - name: espressif/qrcode
      registry_url: https://components.espressif.com
      require: private
      rules:
      - if: target != esp32c2
      version: ^0.1.0~1
    - name: espressif/rmaker_common
      registry_url: https://components.espressif.com
      require: private
      rules:
      - if: target != esp32c2
      version: ^1.4.6
    - name: idf
      require: private
      version: '>=5.1,<5.2'
    - name: espressif/esp-dsp
      registry_url: https://components.espressif.com
      require: private
      rules:
      - if: target != esp32c2
      version: ^1.3.4
    - name: espressif/esp-modbus
      registry_url: https://components.espressif.com
      require: private
      version: ^1.0.15
    - name: espressif/esp-sr
      registry_url: https://components.espressif.com
      require: private
      rules:
      - if: target in [esp32s3]
      version: ^1.4.2
    - name: espressif/esp-zboss-lib
      registry_url: https://components.espressif.com
      require: private
      rules:
      - if: target != esp32c2
      version: ^1.0.1
    - name: espressif/esp-zigbee-lib
      registry_url: https://components.espressif.com
      require: private
      rules:
      - if: target != esp32c2
      version: ^1.0.1
    - name: espressif/esp_insights
      registry_url: https://components.espressif.com
      require: private
      rules:
      - if: target != esp32c2
      version: ^1.2.1
    - name: espressif/esp_modem
      registry_url: https://components.espressif.com
      require: private
      version: ^1.1.0
    - name: espressif/esp_rainmaker
      registry_url: https://components.espressif.com
      require: private
      rules:
      - if: target != esp32c2
      version: ^1.0.0
    - name: espressif/libsodium
      registry_url: https://components.espressif.com
      require: private
      version: ^1.0.20~1
    - name: espressif/mdns
      registry_url: https://components.espressif.com
      require: private
      version: ^1.2.3
    - name: espressif/network_provisioning
      registry_url: https://components.espressif.com
      require: private
      version: ~1.0.0
    - name: joltwallet/littlefs
      registry_url: https://components.espressif.com
      require: private
      version: ^1.10.2
    source:
      registry_url: https://components.espressif.com/
      type: service
    targets:
    - esp32
    - esp32s2
    - esp32s3
    - esp32c2
    - esp32c3
    - esp32c6
    - esp32h2
    version: 3.0.7
  espressif/cbor:
    component_hash: 742f5005032227c6edbaab15f3dd6d2010bf2f5997ea93bb313e4e629789b2e0
    dependencies:
    - name: idf
      require: private
      version: '>=4.3'
    source:
      registry_url: https://components.espressif.com
      type: service
    version: 0.6.0~2
  espressif/esp-dsp:
    component_hash: 3e7bbd487f1357a1d4944d0c85966d049501ea281b8a4c7f93f7cfedd5b7f23d
    dependencies:
    - name: idf
      require: private
      version: '>=4.2'
    source:
      registry_url: https://components.espressif.com
      type: service
    version: 1.4.12
  espressif/esp-modbus:
    component_hash: 5d5e90b9e55721a8a194b301ad8102d4affb647f47b74cd413ff7d1ce2c1169c
    dependencies:
    - name: idf
      require: private
      version: '>=4.3'
    source:
      registry_url: https://components.espressif.com
      type: service
    version: 1.0.18
  espressif/esp-serial-flasher:
    component_hash: dcc42a16712a1a636509cf0bf90e14032d7f2141784b533613b267b6aa318d52
    dependencies: []
    source:
      registry_url: https://components.espressif.com
      type: service
    version: 0.0.11
  espressif/esp-sr:
    component_hash: 9b41fd5ae5960c393bfd3559cd6e5fa2a95c0bf833915cebafe57fb8c4e4c396
    dependencies:
    - name: espressif/esp-dsp
      registry_url: https://components.espressif.com
      require: private
      version: <=1.5.0
    - name: idf
      require: private
      version: '>=5.0'
    source:
      registry_url: https://components.espressif.com
      type: service
    version: 1.9.5
  espressif/esp-zboss-lib:
    component_hash: 321883d142421f65009972408287441794250057668a11abbdfd8bec77c3309a
    dependencies:
    - name: idf
      require: private
      version: '>=5.0'
    source:
      registry_url: https://components.espressif.com
      type: service
    version: 1.6.4
  espressif/esp-zigbee-lib:
    component_hash: 947ea40aa95a89b9da238e941bd2950952e7cd422074d0c02d6896e2ff07bad5
    dependencies:
    - name: idf
      require: private
      version: '>=5.0'
    source:
      registry_url: https://components.espressif.com
      type: service
    version: 1.6.5
  espressif/esp32_display_panel:
    component_hash: c20d5769b31b7771be10eaa7235a0a4b4400f3f5d6ef99fc11b17b4c53c16cca
    dependencies:
    - name: espressif/esp32_io_expander
      registry_url: https://components.espressif.com
      require: public
      version: ^0.1.0
    - name: idf
      require: private
      version: '>=5.1'
    source:
      registry_url: https://components.espressif.com/
      type: service
    version: 0.2.1
  espressif/esp32_io_expander:
    component_hash: c153d044e1b25bc5e4804b4d9516a623bca524188d13151cbf10e92e3a9cda02
    dependencies:
    - name: idf
      require: private
      version: '>=5.1'
    source:
      registry_url: https://components.espressif.com
      type: service
    version: 0.1.0
  espressif/esp_diag_data_store:
    component_hash: c1e5cf62f545d2b136db299f4df1b228b9840be5bc3410c9ad2d2a882b5c0d64
    dependencies:
    - name: idf
      require: private
      version: '>=4.1'
    source:
      registry_url: https://components.espressif.com
      type: service
    version: 1.0.2
  espressif/esp_diagnostics:
    component_hash: 5ea8e8da8217ed9ed778db3973139e726e17cd27ef5cf6429c787d19226c79f3
    dependencies:
    - name: idf
      require: private
      version: '>=4.1'
    - name: espressif/rmaker_common
      registry_url: https://components.espressif.com
      require: private
      version: ~1.4.0
    source:
      registry_url: https://components.espressif.com
      type: service
    version: 1.2.1
  espressif/esp_insights:
    component_hash: cde250f24eca6825aed5060abb57183f58e2e0fd7dc12e69f83e9272ac63520a
    dependencies:
    - name: espressif/cbor
      registry_url: https://components.espressif.com
      require: private
      rules:
      - if: idf_version >=5.0
      version: ~0.6
    - name: espressif/esp_diag_data_store
      registry_url: https://components.espressif.com
      require: private
      version: 1.0.2
    - name: espressif/esp_diagnostics
      registry_url: https://components.espressif.com
      require: private
      version: 1.2.1
    - name: espressif/rmaker_common
      registry_url: https://components.espressif.com
      require: private
      version: ~1.4.0
    - name: idf
      require: private
      version: '>=4.1'
    source:
      registry_url: https://components.espressif.com
      type: service
    version: 1.2.4
  espressif/esp_modem:
    component_hash: b541c3f5765d3ba062c0d004b9ca6da6d0af908293421c2dbe046c537fb2a011
    dependencies:
    - name: idf
      require: private
      version: '>=4.1'
    source:
      registry_url: https://components.espressif.com
      type: service
    version: 1.4.0
  espressif/esp_rainmaker:
    component_hash: 53c19c8ab3beb38b8c6ad3d67e0aaa7bd3d8a29c7dfdecde22d7cd87c65ae3b1
    dependencies:
    - name: espressif/esp_rcp_update
      registry_url: https://components.espressif.com
      require: private
      rules:
      - if: idf_version >= 5.1
      version: ~1.2.0
    - name: espressif/esp_schedule
      registry_url: https://components.espressif.com
      require: private
      version: ~1.2.0
    - name: espressif/esp_secure_cert_mgr
      registry_url: https://components.espressif.com
      require: private
      rules:
      - if: idf_version >=4.3
      version: ^2.2.1
    - name: espressif/json_generator
      registry_url: https://components.espressif.com
      require: private
      version: ~1.1.1
    - name: espressif/json_parser
      registry_url: https://components.espressif.com
      require: private
      version: ~1.0.3
    - name: espressif/mdns
      registry_url: https://components.espressif.com
      require: private
      rules:
      - if: idf_version >=5.0
      version: ^1.2.0
    - name: espressif/network_provisioning
      registry_url: https://components.espressif.com
      require: private
      rules:
      - if: idf_version >= 5.1
      version: ~1.0.0
    - name: espressif/rmaker_common
      registry_url: https://components.espressif.com
      require: private
      version: ~1.4.6
    source:
      registry_url: https://components.espressif.com
      type: service
    version: 1.5.5
  espressif/esp_rcp_update:
    component_hash: c10afbd54a17f27eed880e61262b161656e6d36ad63376c307f9273e99d0abcd
    dependencies:
    - name: espressif/esp-serial-flasher
      registry_url: https://components.espressif.com
      require: private
      version: ~0.0.0
    - name: idf
      require: private
      version: '>=5.0'
    source:
      registry_url: https://components.espressif.com
      type: service
    version: 1.2.0
  espressif/esp_schedule:
    component_hash: e202a9c688f7f1ab601efb91d682e4bcfaebc508dcceee1a1e0a0d2d1ca75a26
    dependencies:
    - name: espressif/rmaker_common
      registry_url: https://components.espressif.com
      require: private
      version: ~1.4.2
    source:
      registry_url: https://components.espressif.com
      type: service
    version: 1.2.0
  espressif/esp_secure_cert_mgr:
    component_hash: 5d9175b416f751ba6a7cb35bdf092f0af85658ce06c4a592c7c541d8017ebeb9
    dependencies:
    - name: idf
      require: private
      version: '>=4.3'
    source:
      registry_url: https://components.espressif.com
      type: service
    version: 2.5.0
  espressif/jsmn:
    component_hash: d80350c41bbaa827c98a25b6072df00884e72f54885996fab4a4f0aebce6b6c3
    dependencies:
    - name: idf
      require: private
      version: '>=4.3'
    source:
      registry_url: https://components.espressif.com
      type: service
    version: 1.1.0
  espressif/json_generator:
    component_hash: 45033e1c199b13f1c8c1b544fb7d4e2df6a8e3071ebdcb1b22582b61a7974ff2
    dependencies: []
    source:
      registry_url: https://components.espressif.com
      type: service
    version: 1.1.2
  espressif/json_parser:
    component_hash: d74b81729ad06ec11ff5eb5b1b0d7df1d00e6027fc11471f4b139c70dcf1b1e4
    dependencies:
    - name: espressif/jsmn
      registry_url: https://components.espressif.com
      require: private
      rules:
      - if: idf_version >=5.0
      version: ~1.1
    source:
      registry_url: https://components.espressif.com
      type: service
    version: 1.0.3
  espressif/libsodium:
    component_hash: 25b968723c584a2742ca36cebe5a7ef049c6767e059f7b1e1eec69946019025d
    dependencies:
    - name: idf
      require: private
      version: '>=4.2'
    source:
      registry_url: https://components.espressif.com
      type: service
    version: 1.0.20~2
  espressif/mdns:
    component_hash: 3ec0af5f6bce310512e90f482388d21cc7c0e99668172d2f895356165fc6f7c5
    dependencies:
    - name: idf
      require: private
      version: '>=5.0'
    source:
      registry_url: https://components.espressif.com
      type: service
    version: 1.8.2
  espressif/network_provisioning:
    component_hash: 21c45dd9cf570c12671e1678ddcfabe77471afa979bcff207a8478b45b58667a
    dependencies:
    - name: idf
      require: private
      version: '>=5.1'
    source:
      registry_url: https://components.espressif.com
      type: service
    version: 1.0.5
  espressif/qrcode:
    component_hash: 3b493771bc5d6ad30cbf87c25bf784aada8a08c941504355b55d6b75518ed7bc
    dependencies: []
    source:
      registry_url: https://components.espressif.com
      type: service
    version: 0.1.0~2
  espressif/rmaker_common:
    component_hash: a3a1df881278d0351fc850b77792fe8a196ddd6dcacbea203d606329cc6a0239
    dependencies: []
    source:
      registry_url: https://components.espressif.com
      type: service
    version: 1.4.6
  idf:
    source:
      type: idf
    version: 5.1.6
  joltwallet/littlefs:
    component_hash: fe3d04a59a4c370408b0e0b69d9096c06371b9ee12ad8e06b9d52ac63ab1570c
    dependencies:
    - name: idf
      require: private
      version: '>=5.0'
    source:
      registry_url: https://components.espressif.com
      type: service
    version: 1.20.0
  lvgl/lvgl:
    component_hash: d7c1ac037ae6e85d94897f807d6e7ba0946a83e720074fc95a4f6241da9f9f53
    dependencies: []
    source:
      registry_url: https://components.espressif.com/
      type: service
    version: 8.4.0
direct_dependencies:
- espressif/arduino-esp32
- espressif/esp32_display_panel
- idf
- lvgl/lvgl
manifest_hash: 2ba8007f48c8befdd3b61ff8fc505e948b712dcded395b1ab9e105607804c356
target: esp32s3
version: 2.0.0
